
Microsoft Visual Studio Solution File, Format Version 12.00
# Visual Studio Version 17
VisualStudioVersion = 17.7.34031.279
MinimumVisualStudioVersion = 10.0.40219.1
Project("{FAE04EC0-301F-11D3-BF4B-00C04F79EFBC}") = "MyClass", "MyClass\MyClass.csproj", "{A1ACCBD6-6A52-4EAC-9025-9E8E7994A4F5}"
EndProject
Project("{FAE04EC0-301F-11D3-BF4B-00C04F79EFBC}") = "NguyenThanhTri", "NguyenThanhTri\NguyenThanhTri.csproj", "{52575B04-54AD-4963-8CD9-8797FA4E3D06}"
EndProject
Global
	GlobalSection(SolutionConfigurationPlatforms) = preSolution
		Debug|Any CPU = Debug|Any CPU
		Release|Any CPU = Release|Any CPU
	EndGlobalSection
	GlobalSection(ProjectConfigurationPlatforms) = postSolution
		{A1ACCBD6-6A52-4EAC-9025-9E8E7994A4F5}.Debug|Any CPU.ActiveCfg = Debug|Any CPU
		{A1ACCBD6-6A52-4EAC-9025-9E8E7994A4F5}.Debug|Any CPU.Build.0 = Debug|Any CPU
		{A1ACCBD6-6A52-4EAC-9025-9E8E7994A4F5}.Release|Any CPU.ActiveCfg = Release|Any CPU
		{A1ACCBD6-6A52-4EAC-9025-9E8E7994A4F5}.Release|Any CPU.Build.0 = Release|Any CPU
		{52575B04-54AD-4963-8CD9-8797FA4E3D06}.Debug|Any CPU.ActiveCfg = Debug|Any CPU
		{52575B04-54AD-4963-8CD9-8797FA4E3D06}.Debug|Any CPU.Build.0 = Debug|Any CPU
		{52575B04-54AD-4963-8CD9-8797FA4E3D06}.Release|Any CPU.ActiveCfg = Release|Any CPU
		{52575B04-54AD-4963-8CD9-8797FA4E3D06}.Release|Any CPU.Build.0 = Release|Any CPU
	EndGlobalSection
	GlobalSection(SolutionProperties) = preSolution
		HideSolutionNode = FALSE
	EndGlobalSection
	GlobalSection(ExtensibilityGlobals) = postSolution
		SolutionGuid = {B10959A1-5334-47C4-BE92-E74B9BBB8BA6}
	EndGlobalSection
EndGlobal
